{
  "lockfileVersion": 1,
  "workspaces": {
    "": {
      "dependencies": {
        "effect": "^3.17.13",
        "itty-aws": "file:../itty-aws.tgz",
      },
    },
  },
  "packages": {
    "@aws-crypto/sha256-browser": ["@aws-crypto/sha256-browser@5.2.0", "", { "dependencies": { "@aws-crypto/sha256-js": "^5.2.0", "@aws-crypto/supports-web-crypto": "^5.2.0", "@aws-crypto/util": "^5.2.0", "@aws-sdk/types": "^3.222.0", "@aws-sdk/util-locate-window": "^3.0.0", "@smithy/util-utf8": "^2.0.0", "tslib": "^2.6.2" } }, "sha512-AXfN/lGotSQwu6HNcEsIASo7kWXZ5HYWvfOmSNKDsEqC4OashTp8alTmaz+F7TC2L083SFv5RdB+qU3Vs1kZqw=="],

    "@aws-crypto/sha256-js": ["@aws-crypto/sha256-js@5.2.0", "", { "dependencies": { "@aws-crypto/util": "^5.2.0", "@aws-sdk/types": "^3.222.0", "tslib": "^2.6.2" } }, "sha512-FFQQyu7edu4ufvIZ+OadFpHHOt+eSTBaYaki44c+akjg7qZg9oOQeLlk77F6tSYqjDAFClrHJk9tMf0HdVyOvA=="],

    "@aws-crypto/supports-web-crypto": ["@aws-crypto/supports-web-crypto@5.2.0", "", { "dependencies": { "tslib": "^2.6.2" } }, "sha512-iAvUotm021kM33eCdNfwIN//F77/IADDSs58i+MDaOqFrVjZo9bAal0NK7HurRuWLLpF1iLX7gbWrjHjeo+YFg=="],

    "@aws-crypto/util": ["@aws-crypto/util@5.2.0", "", { "dependencies": { "@aws-sdk/types": "^3.222.0", "@smithy/util-utf8": "^2.0.0", "tslib": "^2.6.2" } }, "sha512-4RkU9EsI6ZpBve5fseQlGNUWKMa1RLPQ1dnjnQoe07ldfIzcsGb5hC5W0Dm7u423KWzawlrpbjXBrXCEv9zazQ=="],

    "@aws-sdk/client-cognito-identity": ["@aws-sdk/client-cognito-identity@3.888.0", "", { "dependencies": { "@aws-crypto/sha256-browser": "5.2.0", "@aws-crypto/sha256-js": "5.2.0", "@aws-sdk/core": "3.888.0", "@aws-sdk/credential-provider-node": "3.888.0", "@aws-sdk/middleware-host-header": "3.887.0", "@aws-sdk/middleware-logger": "3.887.0", "@aws-sdk/middleware-recursion-detection": "3.887.0", "@aws-sdk/middleware-user-agent": "3.888.0", "@aws-sdk/region-config-resolver": "3.887.0", "@aws-sdk/types": "3.887.0", "@aws-sdk/util-endpoints": "3.887.0", "@aws-sdk/util-user-agent-browser": "3.887.0", "@aws-sdk/util-user-agent-node": "3.888.0", "@smithy/config-resolver": "^4.2.1", "@smithy/core": "^3.11.0", "@smithy/fetch-http-handler": "^5.2.1", "@smithy/hash-node": "^4.1.1", "@smithy/invalid-dependency": "^4.1.1", "@smithy/middleware-content-length": "^4.1.1", "@smithy/middleware-endpoint": "^4.2.1", "@smithy/middleware-retry": "^4.2.1", "@smithy/middleware-serde": "^4.1.1", "@smithy/middleware-stack": "^4.1.1", "@smithy/node-config-provider": "^4.2.1", "@smithy/node-http-handler": "^4.2.1", "@smithy/protocol-http": "^5.2.1", "@smithy/smithy-client": "^4.6.1", "@smithy/types": "^4.5.0", "@smithy/url-parser": "^4.1.1", "@smithy/util-base64": "^4.1.0", "@smithy/util-body-length-browser": "^4.1.0", "@smithy/util-body-length-node": "^4.1.0", "@smithy/util-defaults-mode-browser": "^4.1.1", "@smithy/util-defaults-mode-node": "^4.1.1", "@smithy/util-endpoints": "^3.1.1", "@smithy/util-middleware": "^4.1.1", "@smithy/util-retry": "^4.1.1", "@smithy/util-utf8": "^4.1.0", "tslib": "^2.6.2" } }, "sha512-FsHdPF9iXnCGp3oOsEl1EHR0pc0sw0emlhG67QxfMj4imPwspsypTaPslkILe+0aAwKYW64i7J9Vd4JCQKVxgQ=="],

    "@aws-sdk/client-sso": ["@aws-sdk/client-sso@3.888.0", "", { "dependencies": { "@aws-crypto/sha256-browser": "5.2.0", "@aws-crypto/sha256-js": "5.2.0", "@aws-sdk/core": "3.888.0", "@aws-sdk/middleware-host-header": "3.887.0", "@aws-sdk/middleware-logger": "3.887.0", "@aws-sdk/middleware-recursion-detection": "3.887.0", "@aws-sdk/middleware-user-agent": "3.888.0", "@aws-sdk/region-config-resolver": "3.887.0", "@aws-sdk/types": "3.887.0", "@aws-sdk/util-endpoints": "3.887.0", "@aws-sdk/util-user-agent-browser": "3.887.0", "@aws-sdk/util-user-agent-node": "3.888.0", "@smithy/config-resolver": "^4.2.1", "@smithy/core": "^3.11.0", "@smithy/fetch-http-handler": "^5.2.1", "@smithy/hash-node": "^4.1.1", "@smithy/invalid-dependency": "^4.1.1", "@smithy/middleware-content-length": "^4.1.1", "@smithy/middleware-endpoint": "^4.2.1", "@smithy/middleware-retry": "^4.2.1", "@smithy/middleware-serde": "^4.1.1", "@smithy/middleware-stack": "^4.1.1", "@smithy/node-config-provider": "^4.2.1", "@smithy/node-http-handler": "^4.2.1", "@smithy/protocol-http": "^5.2.1", "@smithy/smithy-client": "^4.6.1", "@smithy/types": "^4.5.0", "@smithy/url-parser": "^4.1.1", "@smithy/util-base64": "^4.1.0", "@smithy/util-body-length-browser": "^4.1.0", "@smithy/util-body-length-node": "^4.1.0", "@smithy/util-defaults-mode-browser": "^4.1.1", "@smithy/util-defaults-mode-node": "^4.1.1", "@smithy/util-endpoints": "^3.1.1", "@smithy/util-middleware": "^4.1.1", "@smithy/util-retry": "^4.1.1", "@smithy/util-utf8": "^4.1.0", "tslib": "^2.6.2" } }, "sha512-8CLy/ehGKUmekjH+VtZJ4w40PqDg3u0K7uPziq/4P8Q7LLgsy8YQoHNbuY4am7JU3HWrqLXJI9aaz1+vPGPoWA=="],

    "@aws-sdk/core": ["@aws-sdk/core@3.888.0", "", { "dependencies": { "@aws-sdk/types": "3.887.0", "@aws-sdk/xml-builder": "3.887.0", "@smithy/core": "^3.11.0", "@smithy/node-config-provider": "^4.2.1", "@smithy/property-provider": "^4.0.5", "@smithy/protocol-http": "^5.2.1", "@smithy/signature-v4": "^5.1.3", "@smithy/smithy-client": "^4.6.1", "@smithy/types": "^4.5.0", "@smithy/util-base64": "^4.1.0", "@smithy/util-body-length-browser": "^4.1.0", "@smithy/util-middleware": "^4.1.1", "@smithy/util-utf8": "^4.1.0", "fast-xml-parser": "5.2.5", "tslib": "^2.6.2" } }, "sha512-L3S2FZywACo4lmWv37Y4TbefuPJ1fXWyWwIJ3J4wkPYFJ47mmtUPqThlVrSbdTHkEjnZgJe5cRfxk0qCLsFh1w=="],

    "@aws-sdk/credential-provider-cognito-identity": ["@aws-sdk/credential-provider-cognito-identity@3.888.0", "", { "dependencies": { "@aws-sdk/client-cognito-identity": "3.888.0", "@aws-sdk/types": "3.887.0", "@smithy/property-provider": "^4.0.5", "@smithy/types": "^4.5.0", "tslib": "^2.6.2" } }, "sha512-mGKLEAFsIaYci219lL42L22fEkbdwLSEuqeBN2D4LzNsbuGyLuE9vIRSOZr/wbHJ3UegI+1eCn0cF+qDgP4cdg=="],

    "@aws-sdk/credential-provider-env": ["@aws-sdk/credential-provider-env@3.888.0", "", { "dependencies": { "@aws-sdk/core": "3.888.0", "@aws-sdk/types": "3.887.0", "@smithy/property-provider": "^4.0.5", "@smithy/types": "^4.5.0", "tslib": "^2.6.2" } }, "sha512-shPi4AhUKbIk7LugJWvNpeZA8va7e5bOHAEKo89S0Ac8WDZt2OaNzbh/b9l0iSL2eEyte8UgIsYGcFxOwIF1VA=="],

    "@aws-sdk/credential-provider-http": ["@aws-sdk/credential-provider-http@3.888.0", "", { "dependencies": { "@aws-sdk/core": "3.888.0", "@aws-sdk/types": "3.887.0", "@smithy/fetch-http-handler": "^5.2.1", "@smithy/node-http-handler": "^4.2.1", "@smithy/property-provider": "^4.0.5", "@smithy/protocol-http": "^5.2.1", "@smithy/smithy-client": "^4.6.1", "@smithy/types": "^4.5.0", "@smithy/util-stream": "^4.3.1", "tslib": "^2.6.2" } }, "sha512-Jvuk6nul0lE7o5qlQutcqlySBHLXOyoPtiwE6zyKbGc7RVl0//h39Lab7zMeY2drMn8xAnIopL4606Fd8JI/Hw=="],

    "@aws-sdk/credential-provider-ini": ["@aws-sdk/credential-provider-ini@3.888.0", "", { "dependencies": { "@aws-sdk/core": "3.888.0", "@aws-sdk/credential-provider-env": "3.888.0", "@aws-sdk/credential-provider-http": "3.888.0", "@aws-sdk/credential-provider-process": "3.888.0", "@aws-sdk/credential-provider-sso": "3.888.0", "@aws-sdk/credential-provider-web-identity": "3.888.0", "@aws-sdk/nested-clients": "3.888.0", "@aws-sdk/types": "3.887.0", "@smithy/credential-provider-imds": "^4.0.7", "@smithy/property-provider": "^4.0.5", "@smithy/shared-ini-file-loader": "^4.0.5", "@smithy/types": "^4.5.0", "tslib": "^2.6.2" } }, "sha512-M82ItvS5yq+tO6ZOV1ruaVs2xOne+v8HW85GFCXnz8pecrzYdgxh6IsVqEbbWruryG/mUGkWMbkBZoEsy4MgyA=="],

    "@aws-sdk/credential-provider-node": ["@aws-sdk/credential-provider-node@3.888.0", "", { "dependencies": { "@aws-sdk/credential-provider-env": "3.888.0", "@aws-sdk/credential-provider-http": "3.888.0", "@aws-sdk/credential-provider-ini": "3.888.0", "@aws-sdk/credential-provider-process": "3.888.0", "@aws-sdk/credential-provider-sso": "3.888.0", "@aws-sdk/credential-provider-web-identity": "3.888.0", "@aws-sdk/types": "3.887.0", "@smithy/credential-provider-imds": "^4.0.7", "@smithy/property-provider": "^4.0.5", "@smithy/shared-ini-file-loader": "^4.0.5", "@smithy/types": "^4.5.0", "tslib": "^2.6.2" } }, "sha512-KCrQh1dCDC8Y+Ap3SZa6S81kHk+p+yAaOQ5jC3dak4zhHW3RCrsGR/jYdemTOgbEGcA6ye51UbhWfrrlMmeJSA=="],

    "@aws-sdk/credential-provider-process": ["@aws-sdk/credential-provider-process@3.888.0", "", { "dependencies": { "@aws-sdk/core": "3.888.0", "@aws-sdk/types": "3.887.0", "@smithy/property-provider": "^4.0.5", "@smithy/shared-ini-file-loader": "^4.0.5", "@smithy/types": "^4.5.0", "tslib": "^2.6.2" } }, "sha512-+aX6piSukPQ8DUS4JAH344GePg8/+Q1t0+kvSHAZHhYvtQ/1Zek3ySOJWH2TuzTPCafY4nmWLcQcqvU1w9+4Lw=="],

    "@aws-sdk/credential-provider-sso": ["@aws-sdk/credential-provider-sso@3.888.0", "", { "dependencies": { "@aws-sdk/client-sso": "3.888.0", "@aws-sdk/core": "3.888.0", "@aws-sdk/token-providers": "3.888.0", "@aws-sdk/types": "3.887.0", "@smithy/property-provider": "^4.0.5", "@smithy/shared-ini-file-loader": "^4.0.5", "@smithy/types": "^4.5.0", "tslib": "^2.6.2" } }, "sha512-b1ZJji7LJ6E/j1PhFTyvp51in2iCOQ3VP6mj5H6f5OUnqn7efm41iNMoinKr87n0IKZw7qput5ggXVxEdPhouA=="],

    "@aws-sdk/credential-provider-web-identity": ["@aws-sdk/credential-provider-web-identity@3.888.0", "", { "dependencies": { "@aws-sdk/core": "3.888.0", "@aws-sdk/nested-clients": "3.888.0", "@aws-sdk/types": "3.887.0", "@smithy/property-provider": "^4.0.5", "@smithy/types": "^4.5.0", "tslib": "^2.6.2" } }, "sha512-7P0QNtsDzMZdmBAaY/vY1BsZHwTGvEz3bsn2bm5VSKFAeMmZqsHK1QeYdNsFjLtegnVh+wodxMq50jqLv3LFlA=="],

    "@aws-sdk/credential-providers": ["@aws-sdk/credential-providers@3.888.0", "", { "dependencies": { "@aws-sdk/client-cognito-identity": "3.888.0", "@aws-sdk/core": "3.888.0", "@aws-sdk/credential-provider-cognito-identity": "3.888.0", "@aws-sdk/credential-provider-env": "3.888.0", "@aws-sdk/credential-provider-http": "3.888.0", "@aws-sdk/credential-provider-ini": "3.888.0", "@aws-sdk/credential-provider-node": "3.888.0", "@aws-sdk/credential-provider-process": "3.888.0", "@aws-sdk/credential-provider-sso": "3.888.0", "@aws-sdk/credential-provider-web-identity": "3.888.0", "@aws-sdk/nested-clients": "3.888.0", "@aws-sdk/types": "3.887.0", "@smithy/config-resolver": "^4.2.1", "@smithy/core": "^3.11.0", "@smithy/credential-provider-imds": "^4.0.7", "@smithy/node-config-provider": "^4.2.1", "@smithy/property-provider": "^4.0.5", "@smithy/types": "^4.5.0", "tslib": "^2.6.2" } }, "sha512-If2AnDiJJLT889imXn6cEM4WoduPgTye/vYiVXZaDqMvjk+tJVbA9uFuv1ixF3DHMC6aE0LU9cTjXX+I4TayFg=="],

    "@aws-sdk/middleware-host-header": ["@aws-sdk/middleware-host-header@3.887.0", "", { "dependencies": { "@aws-sdk/types": "3.887.0", "@smithy/protocol-http": "^5.2.1", "@smithy/types": "^4.5.0", "tslib": "^2.6.2" } }, "sha512-ulzqXv6NNqdu/kr0sgBYupWmahISHY+azpJidtK6ZwQIC+vBUk9NdZeqQpy7KVhIk2xd4+5Oq9rxapPwPI21CA=="],

    "@aws-sdk/middleware-logger": ["@aws-sdk/middleware-logger@3.887.0", "", { "dependencies": { "@aws-sdk/types": "3.887.0", "@smithy/types": "^4.5.0", "tslib": "^2.6.2" } }, "sha512-YbbgLI6jKp2qSoAcHnXrQ5jcuc5EYAmGLVFgMVdk8dfCfJLfGGSaOLxF4CXC7QYhO50s+mPPkhBYejCik02Kug=="],

    "@aws-sdk/middleware-recursion-detection": ["@aws-sdk/middleware-recursion-detection@3.887.0", "", { "dependencies": { "@aws-sdk/types": "3.887.0", "@aws/lambda-invoke-store": "^0.0.1", "@smithy/protocol-http": "^5.2.1", "@smithy/types": "^4.5.0", "tslib": "^2.6.2" } }, "sha512-tjrUXFtQnFLo+qwMveq5faxP5MQakoLArXtqieHphSqZTXm21wDJM73hgT4/PQQGTwgYjDKqnqsE1hvk0hcfDw=="],

    "@aws-sdk/middleware-user-agent": ["@aws-sdk/middleware-user-agent@3.888.0", "", { "dependencies": { "@aws-sdk/core": "3.888.0", "@aws-sdk/types": "3.887.0", "@aws-sdk/util-endpoints": "3.887.0", "@smithy/core": "^3.11.0", "@smithy/protocol-http": "^5.2.1", "@smithy/types": "^4.5.0", "tslib": "^2.6.2" } }, "sha512-ZkcUkoys8AdrNNG7ATjqw2WiXqrhTvT+r4CIK3KhOqIGPHX0p0DQWzqjaIl7ZhSUToKoZ4Ud7MjF795yUr73oA=="],

    "@aws-sdk/nested-clients": ["@aws-sdk/nested-clients@3.888.0", "", { "dependencies": { "@aws-crypto/sha256-browser": "5.2.0", "@aws-crypto/sha256-js": "5.2.0", "@aws-sdk/core": "3.888.0", "@aws-sdk/middleware-host-header": "3.887.0", "@aws-sdk/middleware-logger": "3.887.0", "@aws-sdk/middleware-recursion-detection": "3.887.0", "@aws-sdk/middleware-user-agent": "3.888.0", "@aws-sdk/region-config-resolver": "3.887.0", "@aws-sdk/types": "3.887.0", "@aws-sdk/util-endpoints": "3.887.0", "@aws-sdk/util-user-agent-browser": "3.887.0", "@aws-sdk/util-user-agent-node": "3.888.0", "@smithy/config-resolver": "^4.2.1", "@smithy/core": "^3.11.0", "@smithy/fetch-http-handler": "^5.2.1", "@smithy/hash-node": "^4.1.1", "@smithy/invalid-dependency": "^4.1.1", "@smithy/middleware-content-length": "^4.1.1", "@smithy/middleware-endpoint": "^4.2.1", "@smithy/middleware-retry": "^4.2.1", "@smithy/middleware-serde": "^4.1.1", "@smithy/middleware-stack": "^4.1.1", "@smithy/node-config-provider": "^4.2.1", "@smithy/node-http-handler": "^4.2.1", "@smithy/protocol-http": "^5.2.1", "@smithy/smithy-client": "^4.6.1", "@smithy/types": "^4.5.0", "@smithy/url-parser": "^4.1.1", "@smithy/util-base64": "^4.1.0", "@smithy/util-body-length-browser": "^4.1.0", "@smithy/util-body-length-node": "^4.1.0", "@smithy/util-defaults-mode-browser": "^4.1.1", "@smithy/util-defaults-mode-node": "^4.1.1", "@smithy/util-endpoints": "^3.1.1", "@smithy/util-middleware": "^4.1.1", "@smithy/util-retry": "^4.1.1", "@smithy/util-utf8": "^4.1.0", "tslib": "^2.6.2" } }, "sha512-py4o4RPSGt+uwGvSBzR6S6cCBjS4oTX5F8hrHFHfPCdIOMVjyOBejn820jXkCrcdpSj3Qg1yUZXxsByvxc9Lyg=="],

    "@aws-sdk/region-config-resolver": ["@aws-sdk/region-config-resolver@3.887.0", "", { "dependencies": { "@aws-sdk/types": "3.887.0", "@smithy/node-config-provider": "^4.2.1", "@smithy/types": "^4.5.0", "@smithy/util-config-provider": "^4.0.0", "@smithy/util-middleware": "^4.1.1", "tslib": "^2.6.2" } }, "sha512-VdSMrIqJ3yjJb/fY+YAxrH/lCVv0iL8uA+lbMNfQGtO5tB3Zx6SU9LEpUwBNX8fPK1tUpI65CNE4w42+MY/7Mg=="],

    "@aws-sdk/token-providers": ["@aws-sdk/token-providers@3.888.0", "", { "dependencies": { "@aws-sdk/core": "3.888.0", "@aws-sdk/nested-clients": "3.888.0", "@aws-sdk/types": "3.887.0", "@smithy/property-provider": "^4.0.5", "@smithy/shared-ini-file-loader": "^4.0.5", "@smithy/types": "^4.5.0", "tslib": "^2.6.2" } }, "sha512-WA3NF+3W8GEuCMG1WvkDYbB4z10G3O8xuhT7QSjhvLYWQ9CPt3w4VpVIfdqmUn131TCIbhCzD0KN/1VJTjAjyw=="],

    "@aws-sdk/types": ["@aws-sdk/types@3.887.0", "", { "dependencies": { "@smithy/types": "^4.5.0", "tslib": "^2.6.2" } }, "sha512-fmTEJpUhsPsovQ12vZSpVTEP/IaRoJAMBGQXlQNjtCpkBp6Iq3KQDa/HDaPINE+3xxo6XvTdtibsNOd5zJLV9A=="],

    "@aws-sdk/util-endpoints": ["@aws-sdk/util-endpoints@3.887.0", "", { "dependencies": { "@aws-sdk/types": "3.887.0", "@smithy/types": "^4.5.0", "@smithy/url-parser": "^4.1.1", "@smithy/util-endpoints": "^3.1.1", "tslib": "^2.6.2" } }, "sha512-kpegvT53KT33BMeIcGLPA65CQVxLUL/C3gTz9AzlU/SDmeusBHX4nRApAicNzI/ltQ5lxZXbQn18UczzBuwF1w=="],

    "@aws-sdk/util-locate-window": ["@aws-sdk/util-locate-window@3.873.0", "", { "dependencies": { "tslib": "^2.6.2" } }, "sha512-xcVhZF6svjM5Rj89T1WzkjQmrTF6dpR2UvIHPMTnSZoNe6CixejPZ6f0JJ2kAhO8H+dUHwNBlsUgOTIKiK/Syg=="],

    "@aws-sdk/util-user-agent-browser": ["@aws-sdk/util-user-agent-browser@3.887.0", "", { "dependencies": { "@aws-sdk/types": "3.887.0", "@smithy/types": "^4.5.0", "bowser": "^2.11.0", "tslib": "^2.6.2" } }, "sha512-X71UmVsYc6ZTH4KU6hA5urOzYowSXc3qvroagJNLJYU1ilgZ529lP4J9XOYfEvTXkLR1hPFSRxa43SrwgelMjA=="],

    "@aws-sdk/util-user-agent-node": ["@aws-sdk/util-user-agent-node@3.888.0", "", { "dependencies": { "@aws-sdk/middleware-user-agent": "3.888.0", "@aws-sdk/types": "3.887.0", "@smithy/node-config-provider": "^4.2.1", "@smithy/types": "^4.5.0", "tslib": "^2.6.2" }, "peerDependencies": { "aws-crt": ">=1.0.0" }, "optionalPeers": ["aws-crt"] }, "sha512-rSB3OHyuKXotIGfYEo//9sU0lXAUrTY28SUUnxzOGYuQsAt0XR5iYwBAp+RjV6x8f+Hmtbg0PdCsy1iNAXa0UQ=="],

    "@aws-sdk/xml-builder": ["@aws-sdk/xml-builder@3.887.0", "", { "dependencies": { "@smithy/types": "^4.5.0", "tslib": "^2.6.2" } }, "sha512-lMwgWK1kNgUhHGfBvO/5uLe7TKhycwOn3eRCqsKPT9aPCx/HWuTlpcQp8oW2pCRGLS7qzcxqpQulcD+bbUL7XQ=="],

    "@aws/lambda-invoke-store": ["@aws/lambda-invoke-store@0.0.1", "", {}, "sha512-ORHRQ2tmvnBXc8t/X9Z8IcSbBA4xTLKuN873FopzklHMeqBst7YG0d+AX97inkvDX+NChYtSr+qGfcqGFaI8Zw=="],

    "@effect/cluster": ["@effect/cluster@0.41.18", "", { "peerDependencies": { "@effect/platform": "^0.87.13", "@effect/rpc": "^0.64.14", "@effect/sql": "^0.40.14", "@effect/workflow": "^0.4.14", "effect": "^3.16.13" } }, "sha512-rCYQV4CbEEF31Gf1LIOQIQSxjdTm8Ol18eoc/LvYsBzEjfClq7Iej2llBUoez6vFipV5rT/1kC3gZ98LfGQpnw=="],

    "@effect/experimental": ["@effect/experimental@0.51.14", "", { "dependencies": { "uuid": "^11.0.3" }, "peerDependencies": { "@effect/platform": "^0.87.13", "effect": "^3.16.13", "ioredis": "^5", "lmdb": "^3" }, "optionalPeers": ["ioredis", "lmdb"] }, "sha512-LO7YesKWQogxCYSpvuzx+k1EwEusOtd2DJW2fGHhMHb3jUCbkR/UvTgld+hUnzOlauaRmy7NRCfVnanjU42OXA=="],

    "@effect/platform": ["@effect/platform@0.87.13", "", { "dependencies": { "find-my-way-ts": "^0.1.6", "msgpackr": "^1.11.4", "multipasta": "^0.2.5" }, "peerDependencies": { "effect": "^3.16.13" } }, "sha512-CmeP3DL54lllJenW9CIrvNeUy8D+hY3NFQWDyd+q7t3aAMHmyGznqCnm345uBN21KfsahCOofL8YQYxHHcUGbw=="],

    "@effect/platform-node": ["@effect/platform-node@0.89.6", "", { "dependencies": { "@effect/platform-node-shared": "^0.42.18", "mime": "^3.0.0", "undici": "^7.10.0", "ws": "^8.18.2" }, "peerDependencies": { "@effect/cluster": "^0.41.18", "@effect/platform": "^0.87.13", "@effect/rpc": "^0.64.14", "@effect/sql": "^0.40.14", "effect": "^3.16.13" } }, "sha512-lIRihE/I1bF92H4N5ZFgrw59puQfyqscnbsEr32XRPxdON/POEUScT20cRvFee0q5JGT4Y/M1XQwLeBHcbQ4lA=="],

    "@effect/platform-node-shared": ["@effect/platform-node-shared@0.42.18", "", { "dependencies": { "@parcel/watcher": "^2.5.1", "multipasta": "^0.2.5", "ws": "^8.18.2" }, "peerDependencies": { "@effect/cluster": "^0.41.18", "@effect/platform": "^0.87.13", "@effect/rpc": "^0.64.14", "@effect/sql": "^0.40.14", "effect": "^3.16.13" } }, "sha512-182MmTJLwCdCV6yt9yxTKWbFxZ5eRegqD+sTtUt7tUUq+N7mbKVzhBoHju1yaVbm1bcWLdMyupqNmXWSVMEVxA=="],

    "@effect/rpc": ["@effect/rpc@0.64.14", "", { "peerDependencies": { "@effect/platform": "^0.87.13", "effect": "^3.16.13" } }, "sha512-W3HlJ3eh0XFQ08ShwiAPU2o82jnqZhH580MFkhoPA4OQVnCXF68g2cdM3gVDotYM0hcgPrWvVUNGMdabGqYEew=="],

    "@effect/sql": ["@effect/sql@0.40.14", "", { "dependencies": { "@opentelemetry/semantic-conventions": "^1.33.0", "uuid": "^11.0.3" }, "peerDependencies": { "@effect/experimental": "^0.51.14", "@effect/platform": "^0.87.13", "effect": "^3.16.13" } }, "sha512-QkihJPJf0VVS9DYh6A+ec0TkDTTtpeFbJcVhDIpyXusQrj7BKRUmHvLl0oXcTxuMaFt8FfTdsAjRXp+Mf67JdQ=="],

    "@effect/workflow": ["@effect/workflow@0.4.14", "", { "peerDependencies": { "@effect/platform": "^0.87.13", "@effect/rpc": "^0.64.14", "effect": "^3.16.13" } }, "sha512-xJVuV/EFJCJPXM/rN1jnpYcmqv7WBDWCxoKSIzGI1HflfT+9AKaqLMyptx/Yq9vbpt6eUG3d5NtdXYgZq+f3eQ=="],

    "@msgpackr-extract/msgpackr-extract-darwin-arm64": ["@msgpackr-extract/msgpackr-extract-darwin-arm64@3.0.3", "", { "os": "darwin", "cpu": "arm64" }, "sha512-QZHtlVgbAdy2zAqNA9Gu1UpIuI8Xvsd1v8ic6B2pZmeFnFcMWiPLfWXh7TVw4eGEZ/C9TH281KwhVoeQUKbyjw=="],

    "@msgpackr-extract/msgpackr-extract-darwin-x64": ["@msgpackr-extract/msgpackr-extract-darwin-x64@3.0.3", "", { "os": "darwin", "cpu": "x64" }, "sha512-mdzd3AVzYKuUmiWOQ8GNhl64/IoFGol569zNRdkLReh6LRLHOXxU4U8eq0JwaD8iFHdVGqSy4IjFL4reoWCDFw=="],

    "@msgpackr-extract/msgpackr-extract-linux-arm": ["@msgpackr-extract/msgpackr-extract-linux-arm@3.0.3", "", { "os": "linux", "cpu": "arm" }, "sha512-fg0uy/dG/nZEXfYilKoRe7yALaNmHoYeIoJuJ7KJ+YyU2bvY8vPv27f7UKhGRpY6euFYqEVhxCFZgAUNQBM3nw=="],

    "@msgpackr-extract/msgpackr-extract-linux-arm64": ["@msgpackr-extract/msgpackr-extract-linux-arm64@3.0.3", "", { "os": "linux", "cpu": "arm64" }, "sha512-YxQL+ax0XqBJDZiKimS2XQaf+2wDGVa1enVRGzEvLLVFeqa5kx2bWbtcSXgsxjQB7nRqqIGFIcLteF/sHeVtQg=="],

    "@msgpackr-extract/msgpackr-extract-linux-x64": ["@msgpackr-extract/msgpackr-extract-linux-x64@3.0.3", "", { "os": "linux", "cpu": "x64" }, "sha512-cvwNfbP07pKUfq1uH+S6KJ7dT9K8WOE4ZiAcsrSes+UY55E/0jLYc+vq+DO7jlmqRb5zAggExKm0H7O/CBaesg=="],

    "@msgpackr-extract/msgpackr-extract-win32-x64": ["@msgpackr-extract/msgpackr-extract-win32-x64@3.0.3", "", { "os": "win32", "cpu": "x64" }, "sha512-x0fWaQtYp4E6sktbsdAqnehxDgEc/VwM7uLsRCYWaiGu0ykYdZPiS8zCWdnjHwyiumousxfBm4SO31eXqwEZhQ=="],

    "@opentelemetry/semantic-conventions": ["@opentelemetry/semantic-conventions@1.37.0", "", {}, "sha512-JD6DerIKdJGmRp4jQyX5FlrQjA4tjOw1cvfsPAZXfOOEErMUHjPcPSICS+6WnM0nB0efSFARh0KAZss+bvExOA=="],

    "@parcel/watcher": ["@parcel/watcher@2.5.1", "", { "dependencies": { "detect-libc": "^1.0.3", "is-glob": "^4.0.3", "micromatch": "^4.0.5", "node-addon-api": "^7.0.0" }, "optionalDependencies": { "@parcel/watcher-android-arm64": "2.5.1", "@parcel/watcher-darwin-arm64": "2.5.1", "@parcel/watcher-darwin-x64": "2.5.1", "@parcel/watcher-freebsd-x64": "2.5.1", "@parcel/watcher-linux-arm-glibc": "2.5.1", "@parcel/watcher-linux-arm-musl": "2.5.1", "@parcel/watcher-linux-arm64-glibc": "2.5.1", "@parcel/watcher-linux-arm64-musl": "2.5.1", "@parcel/watcher-linux-x64-glibc": "2.5.1", "@parcel/watcher-linux-x64-musl": "2.5.1", "@parcel/watcher-win32-arm64": "2.5.1", "@parcel/watcher-win32-ia32": "2.5.1", "@parcel/watcher-win32-x64": "2.5.1" } }, "sha512-dfUnCxiN9H4ap84DvD2ubjw+3vUNpstxa0TneY/Paat8a3R4uQZDLSvWjmznAY/DoahqTHl9V46HF/Zs3F29pg=="],

    "@parcel/watcher-android-arm64": ["@parcel/watcher-android-arm64@2.5.1", "", { "os": "android", "cpu": "arm64" }, "sha512-KF8+j9nNbUN8vzOFDpRMsaKBHZ/mcjEjMToVMJOhTozkDonQFFrRcfdLWn6yWKCmJKmdVxSgHiYvTCef4/qcBA=="],

    "@parcel/watcher-darwin-arm64": ["@parcel/watcher-darwin-arm64@2.5.1", "", { "os": "darwin", "cpu": "arm64" }, "sha512-eAzPv5osDmZyBhou8PoF4i6RQXAfeKL9tjb3QzYuccXFMQU0ruIc/POh30ePnaOyD1UXdlKguHBmsTs53tVoPw=="],

    "@parcel/watcher-darwin-x64": ["@parcel/watcher-darwin-x64@2.5.1", "", { "os": "darwin", "cpu": "x64" }, "sha512-1ZXDthrnNmwv10A0/3AJNZ9JGlzrF82i3gNQcWOzd7nJ8aj+ILyW1MTxVk35Db0u91oD5Nlk9MBiujMlwmeXZg=="],

    "@parcel/watcher-freebsd-x64": ["@parcel/watcher-freebsd-x64@2.5.1", "", { "os": "freebsd", "cpu": "x64" }, "sha512-SI4eljM7Flp9yPuKi8W0ird8TI/JK6CSxju3NojVI6BjHsTyK7zxA9urjVjEKJ5MBYC+bLmMcbAWlZ+rFkLpJQ=="],

    "@parcel/watcher-linux-arm-glibc": ["@parcel/watcher-linux-arm-glibc@2.5.1", "", { "os": "linux", "cpu": "arm" }, "sha512-RCdZlEyTs8geyBkkcnPWvtXLY44BCeZKmGYRtSgtwwnHR4dxfHRG3gR99XdMEdQ7KeiDdasJwwvNSF5jKtDwdA=="],

    "@parcel/watcher-linux-arm-musl": ["@parcel/watcher-linux-arm-musl@2.5.1", "", { "os": "linux", "cpu": "arm" }, "sha512-6E+m/Mm1t1yhB8X412stiKFG3XykmgdIOqhjWj+VL8oHkKABfu/gjFj8DvLrYVHSBNC+/u5PeNrujiSQ1zwd1Q=="],

    "@parcel/watcher-linux-arm64-glibc": ["@parcel/watcher-linux-arm64-glibc@2.5.1", "", { "os": "linux", "cpu": "arm64" }, "sha512-LrGp+f02yU3BN9A+DGuY3v3bmnFUggAITBGriZHUREfNEzZh/GO06FF5u2kx8x+GBEUYfyTGamol4j3m9ANe8w=="],

    "@parcel/watcher-linux-arm64-musl": ["@parcel/watcher-linux-arm64-musl@2.5.1", "", { "os": "linux", "cpu": "arm64" }, "sha512-cFOjABi92pMYRXS7AcQv9/M1YuKRw8SZniCDw0ssQb/noPkRzA+HBDkwmyOJYp5wXcsTrhxO0zq1U11cK9jsFg=="],

    "@parcel/watcher-linux-x64-glibc": ["@parcel/watcher-linux-x64-glibc@2.5.1", "", { "os": "linux", "cpu": "x64" }, "sha512-GcESn8NZySmfwlTsIur+49yDqSny2IhPeZfXunQi48DMugKeZ7uy1FX83pO0X22sHntJ4Ub+9k34XQCX+oHt2A=="],

    "@parcel/watcher-linux-x64-musl": ["@parcel/watcher-linux-x64-musl@2.5.1", "", { "os": "linux", "cpu": "x64" }, "sha512-n0E2EQbatQ3bXhcH2D1XIAANAcTZkQICBPVaxMeaCVBtOpBZpWJuf7LwyWPSBDITb7In8mqQgJ7gH8CILCURXg=="],

    "@parcel/watcher-win32-arm64": ["@parcel/watcher-win32-arm64@2.5.1", "", { "os": "win32", "cpu": "arm64" }, "sha512-RFzklRvmc3PkjKjry3hLF9wD7ppR4AKcWNzH7kXR7GUe0Igb3Nz8fyPwtZCSquGrhU5HhUNDr/mKBqj7tqA2Vw=="],

    "@parcel/watcher-win32-ia32": ["@parcel/watcher-win32-ia32@2.5.1", "", { "os": "win32", "cpu": "ia32" }, "sha512-c2KkcVN+NJmuA7CGlaGD1qJh1cLfDnQsHjE89E60vUEMlqduHGCdCLJCID5geFVM0dOtA3ZiIO8BoEQmzQVfpQ=="],

    "@parcel/watcher-win32-x64": ["@parcel/watcher-win32-x64@2.5.1", "", { "os": "win32", "cpu": "x64" }, "sha512-9lHBdJITeNR++EvSQVUcaZoWupyHfXe1jZvGZ06O/5MflPcuPLtEphScIBL+AiCWBO46tDSHzWyD0uDmmZqsgA=="],

    "@smithy/abort-controller": ["@smithy/abort-controller@4.1.1", "", { "dependencies": { "@smithy/types": "^4.5.0", "tslib": "^2.6.2" } }, "sha512-vkzula+IwRvPR6oKQhMYioM3A/oX/lFCZiwuxkQbRhqJS2S4YRY2k7k/SyR2jMf3607HLtbEwlRxi0ndXHMjRg=="],

    "@smithy/config-resolver": ["@smithy/config-resolver@4.2.1", "", { "dependencies": { "@smithy/node-config-provider": "^4.2.1", "@smithy/types": "^4.5.0", "@smithy/util-config-provider": "^4.1.0", "@smithy/util-middleware": "^4.1.1", "tslib": "^2.6.2" } }, "sha512-FXil8q4QN7mgKwU2hCLm0ltab8NyY/1RiqEf25Jnf6WLS3wmb11zGAoLETqg1nur2Aoibun4w4MjeN9CMJ4G6A=="],

    "@smithy/core": ["@smithy/core@3.11.0", "", { "dependencies": { "@smithy/middleware-serde": "^4.1.1", "@smithy/protocol-http": "^5.2.1", "@smithy/types": "^4.5.0", "@smithy/util-base64": "^4.1.0", "@smithy/util-body-length-browser": "^4.1.0", "@smithy/util-middleware": "^4.1.1", "@smithy/util-stream": "^4.3.1", "@smithy/util-utf8": "^4.1.0", "@types/uuid": "^9.0.1", "tslib": "^2.6.2", "uuid": "^9.0.1" } }, "sha512-Abs5rdP1o8/OINtE49wwNeWuynCu0kme1r4RI3VXVrHr4odVDG7h7mTnw1WXXfN5Il+c25QOnrdL2y56USfxkA=="],

    "@smithy/credential-provider-imds": ["@smithy/credential-provider-imds@4.1.1", "", { "dependencies": { "@smithy/node-config-provider": "^4.2.1", "@smithy/property-provider": "^4.1.1", "@smithy/types": "^4.5.0", "@smithy/url-parser": "^4.1.1", "tslib": "^2.6.2" } }, "sha512-1WdBfM9DwA59pnpIizxnUvBf/de18p4GP+6zP2AqrlFzoW3ERpZaT4QueBR0nS9deDMaQRkBlngpVlnkuuTisQ=="],

    "@smithy/fetch-http-handler": ["@smithy/fetch-http-handler@5.2.1", "", { "dependencies": { "@smithy/protocol-http": "^5.2.1", "@smithy/querystring-builder": "^4.1.1", "@smithy/types": "^4.5.0", "@smithy/util-base64": "^4.1.0", "tslib": "^2.6.2" } }, "sha512-5/3wxKNtV3wO/hk1is+CZUhL8a1yy/U+9u9LKQ9kZTkMsHaQjJhc3stFfiujtMnkITjzWfndGA2f7g9Uh9vKng=="],

    "@smithy/hash-node": ["@smithy/hash-node@4.1.1", "", { "dependencies": { "@smithy/types": "^4.5.0", "@smithy/util-buffer-from": "^4.1.0", "@smithy/util-utf8": "^4.1.0", "tslib": "^2.6.2" } }, "sha512-H9DIU9WBLhYrvPs9v4sYvnZ1PiAI0oc8CgNQUJ1rpN3pP7QADbTOUjchI2FB764Ub0DstH5xbTqcMJu1pnVqxA=="],

    "@smithy/invalid-dependency": ["@smithy/invalid-dependency@4.1.1", "", { "dependencies": { "@smithy/types": "^4.5.0", "tslib": "^2.6.2" } }, "sha512-1AqLyFlfrrDkyES8uhINRlJXmHA2FkG+3DY8X+rmLSqmFwk3DJnvhyGzyByPyewh2jbmV+TYQBEfngQax8IFGg=="],

    "@smithy/is-array-buffer": ["@smithy/is-array-buffer@4.1.0", "", { "dependencies": { "tslib": "^2.6.2" } }, "sha512-ePTYUOV54wMogio+he4pBybe8fwg4sDvEVDBU8ZlHOZXbXK3/C0XfJgUCu6qAZcawv05ZhZzODGUerFBPsPUDQ=="],

    "@smithy/middleware-content-length": ["@smithy/middleware-content-length@4.1.1", "", { "dependencies": { "@smithy/protocol-http": "^5.2.1", "@smithy/types": "^4.5.0", "tslib": "^2.6.2" } }, "sha512-9wlfBBgTsRvC2JxLJxv4xDGNBrZuio3AgSl0lSFX7fneW2cGskXTYpFxCdRYD2+5yzmsiTuaAJD1Wp7gWt9y9w=="],

    "@smithy/middleware-endpoint": ["@smithy/middleware-endpoint@4.2.1", "", { "dependencies": { "@smithy/core": "^3.11.0", "@smithy/middleware-serde": "^4.1.1", "@smithy/node-config-provider": "^4.2.1", "@smithy/shared-ini-file-loader": "^4.1.1", "@smithy/types": "^4.5.0", "@smithy/url-parser": "^4.1.1", "@smithy/util-middleware": "^4.1.1", "tslib": "^2.6.2" } }, "sha512-fUTMmQvQQZakXOuKizfu7fBLDpwvWZjfH6zUK2OLsoNZRZGbNUdNSdLJHpwk1vS208jtDjpUIskh+JoA8zMzZg=="],

    "@smithy/middleware-retry": ["@smithy/middleware-retry@4.2.1", "", { "dependencies": { "@smithy/node-config-provider": "^4.2.1", "@smithy/protocol-http": "^5.2.1", "@smithy/service-error-classification": "^4.1.1", "@smithy/smithy-client": "^4.6.1", "@smithy/types": "^4.5.0", "@smithy/util-middleware": "^4.1.1", "@smithy/util-retry": "^4.1.1", "@types/uuid": "^9.0.1", "tslib": "^2.6.2", "uuid": "^9.0.1" } }, "sha512-JzfvjwSJXWRl7LkLgIRTUTd2Wj639yr3sQGpViGNEOjtb0AkAuYqRAHs+jSOI/LPC0ZTjmFVVtfrCICMuebexw=="],

    "@smithy/middleware-serde": ["@smithy/middleware-serde@4.1.1", "", { "dependencies": { "@smithy/protocol-http": "^5.2.1", "@smithy/types": "^4.5.0", "tslib": "^2.6.2" } }, "sha512-lh48uQdbCoj619kRouev5XbWhCwRKLmphAif16c4J6JgJ4uXjub1PI6RL38d3BLliUvSso6klyB/LTNpWSNIyg=="],

    "@smithy/middleware-stack": ["@smithy/middleware-stack@4.1.1", "", { "dependencies": { "@smithy/types": "^4.5.0", "tslib": "^2.6.2" } }, "sha512-ygRnniqNcDhHzs6QAPIdia26M7e7z9gpkIMUe/pK0RsrQ7i5MblwxY8078/QCnGq6AmlUUWgljK2HlelsKIb/A=="],

    "@smithy/node-config-provider": ["@smithy/node-config-provider@4.2.1", "", { "dependencies": { "@smithy/property-provider": "^4.1.1", "@smithy/shared-ini-file-loader": "^4.1.1", "@smithy/types": "^4.5.0", "tslib": "^2.6.2" } }, "sha512-AIA0BJZq2h295J5NeCTKhg1WwtdTA/GqBCaVjk30bDgMHwniUETyh5cP9IiE9VrId7Kt8hS7zvREVMTv1VfA6g=="],

    "@smithy/node-http-handler": ["@smithy/node-http-handler@4.2.1", "", { "dependencies": { "@smithy/abort-controller": "^4.1.1", "@smithy/protocol-http": "^5.2.1", "@smithy/querystring-builder": "^4.1.1", "@smithy/types": "^4.5.0", "tslib": "^2.6.2" } }, "sha512-REyybygHlxo3TJICPF89N2pMQSf+p+tBJqpVe1+77Cfi9HBPReNjTgtZ1Vg73exq24vkqJskKDpfF74reXjxfw=="],

    "@smithy/property-provider": ["@smithy/property-provider@4.1.1", "", { "dependencies": { "@smithy/types": "^4.5.0", "tslib": "^2.6.2" } }, "sha512-gm3ZS7DHxUbzC2wr8MUCsAabyiXY0gaj3ROWnhSx/9sPMc6eYLMM4rX81w1zsMaObj2Lq3PZtNCC1J6lpEY7zg=="],

    "@smithy/protocol-http": ["@smithy/protocol-http@5.2.1", "", { "dependencies": { "@smithy/types": "^4.5.0", "tslib": "^2.6.2" } }, "sha512-T8SlkLYCwfT/6m33SIU/JOVGNwoelkrvGjFKDSDtVvAXj/9gOT78JVJEas5a+ETjOu4SVvpCstKgd0PxSu/aHw=="],

    "@smithy/querystring-builder": ["@smithy/querystring-builder@4.1.1", "", { "dependencies": { "@smithy/types": "^4.5.0", "@smithy/util-uri-escape": "^4.1.0", "tslib": "^2.6.2" } }, "sha512-J9b55bfimP4z/Jg1gNo+AT84hr90p716/nvxDkPGCD4W70MPms0h8KF50RDRgBGZeL83/u59DWNqJv6tEP/DHA=="],

    "@smithy/querystring-parser": ["@smithy/querystring-parser@4.1.1", "", { "dependencies": { "@smithy/types": "^4.5.0", "tslib": "^2.6.2" } }, "sha512-63TEp92YFz0oQ7Pj9IuI3IgnprP92LrZtRAkE3c6wLWJxfy/yOPRt39IOKerVr0JS770olzl0kGafXlAXZ1vng=="],

    "@smithy/service-error-classification": ["@smithy/service-error-classification@4.1.1", "", { "dependencies": { "@smithy/types": "^4.5.0" } }, "sha512-Iam75b/JNXyDE41UvrlM6n8DNOa/r1ylFyvgruTUx7h2Uk7vDNV9AAwP1vfL1fOL8ls0xArwEGVcGZVd7IO/Cw=="],

    "@smithy/shared-ini-file-loader": ["@smithy/shared-ini-file-loader@4.1.1", "", { "dependencies": { "@smithy/types": "^4.5.0", "tslib": "^2.6.2" } }, "sha512-YkpikhIqGc4sfXeIbzSj10t2bJI/sSoP5qxLue6zG+tEE3ngOBSm8sO3+djacYvS/R5DfpxN/L9CyZsvwjWOAQ=="],

    "@smithy/signature-v4": ["@smithy/signature-v4@5.2.1", "", { "dependencies": { "@smithy/is-array-buffer": "^4.1.0", "@smithy/protocol-http": "^5.2.1", "@smithy/types": "^4.5.0", "@smithy/util-hex-encoding": "^4.1.0", "@smithy/util-middleware": "^4.1.1", "@smithy/util-uri-escape": "^4.1.0", "@smithy/util-utf8": "^4.1.0", "tslib": "^2.6.2" } }, "sha512-M9rZhWQLjlQVCCR37cSjHfhriGRN+FQ8UfgrYNufv66TJgk+acaggShl3KS5U/ssxivvZLlnj7QH2CUOKlxPyA=="],

    "@smithy/smithy-client": ["@smithy/smithy-client@4.6.1", "", { "dependencies": { "@smithy/core": "^3.11.0", "@smithy/middleware-endpoint": "^4.2.1", "@smithy/middleware-stack": "^4.1.1", "@smithy/protocol-http": "^5.2.1", "@smithy/types": "^4.5.0", "@smithy/util-stream": "^4.3.1", "tslib": "^2.6.2" } }, "sha512-WolVLDb9UTPMEPPOncrCt6JmAMCSC/V2y5gst2STWJ5r7+8iNac+EFYQnmvDCYMfOLcilOSEpm5yXZXwbLak1Q=="],

    "@smithy/types": ["@smithy/types@4.5.0", "", { "dependencies": { "tslib": "^2.6.2" } }, "sha512-RkUpIOsVlAwUIZXO1dsz8Zm+N72LClFfsNqf173catVlvRZiwPy0x2u0JLEA4byreOPKDZPGjmPDylMoP8ZJRg=="],

    "@smithy/url-parser": ["@smithy/url-parser@4.1.1", "", { "dependencies": { "@smithy/querystring-parser": "^4.1.1", "@smithy/types": "^4.5.0", "tslib": "^2.6.2" } }, "sha512-bx32FUpkhcaKlEoOMbScvc93isaSiRM75pQ5IgIBaMkT7qMlIibpPRONyx/0CvrXHzJLpOn/u6YiDX2hcvs7Dg=="],

    "@smithy/util-base64": ["@smithy/util-base64@4.1.0", "", { "dependencies": { "@smithy/util-buffer-from": "^4.1.0", "@smithy/util-utf8": "^4.1.0", "tslib": "^2.6.2" } }, "sha512-RUGd4wNb8GeW7xk+AY5ghGnIwM96V0l2uzvs/uVHf+tIuVX2WSvynk5CxNoBCsM2rQRSZElAo9rt3G5mJ/gktQ=="],

    "@smithy/util-body-length-browser": ["@smithy/util-body-length-browser@4.1.0", "", { "dependencies": { "tslib": "^2.6.2" } }, "sha512-V2E2Iez+bo6bUMOTENPr6eEmepdY8Hbs+Uc1vkDKgKNA/brTJqOW/ai3JO1BGj9GbCeLqw90pbbH7HFQyFotGQ=="],

    "@smithy/util-body-length-node": ["@smithy/util-body-length-node@4.1.0", "", { "dependencies": { "tslib": "^2.6.2" } }, "sha512-BOI5dYjheZdgR9XiEM3HJcEMCXSoqbzu7CzIgYrx0UtmvtC3tC2iDGpJLsSRFffUpy8ymsg2ARMP5fR8mtuUQQ=="],

    "@smithy/util-buffer-from": ["@smithy/util-buffer-from@4.1.0", "", { "dependencies": { "@smithy/is-array-buffer": "^4.1.0", "tslib": "^2.6.2" } }, "sha512-N6yXcjfe/E+xKEccWEKzK6M+crMrlwaCepKja0pNnlSkm6SjAeLKKA++er5Ba0I17gvKfN/ThV+ZOx/CntKTVw=="],

    "@smithy/util-config-provider": ["@smithy/util-config-provider@4.1.0", "", { "dependencies": { "tslib": "^2.6.2" } }, "sha512-swXz2vMjrP1ZusZWVTB/ai5gK+J8U0BWvP10v9fpcFvg+Xi/87LHvHfst2IgCs1i0v4qFZfGwCmeD/KNCdJZbQ=="],

    "@smithy/util-defaults-mode-browser": ["@smithy/util-defaults-mode-browser@4.1.1", "", { "dependencies": { "@smithy/property-provider": "^4.1.1", "@smithy/smithy-client": "^4.6.1", "@smithy/types": "^4.5.0", "bowser": "^2.11.0", "tslib": "^2.6.2" } }, "sha512-hA1AKIHFUMa9Tl6q6y8p0pJ9aWHCCG8s57flmIyLE0W7HcJeYrYtnqXDcGnftvXEhdQnSexyegXnzzTGk8bKLA=="],

    "@smithy/util-defaults-mode-node": ["@smithy/util-defaults-mode-node@4.1.1", "", { "dependencies": { "@smithy/config-resolver": "^4.2.1", "@smithy/credential-provider-imds": "^4.1.1", "@smithy/node-config-provider": "^4.2.1", "@smithy/property-provider": "^4.1.1", "@smithy/smithy-client": "^4.6.1", "@smithy/types": "^4.5.0", "tslib": "^2.6.2" } }, "sha512-RGSpmoBrA+5D2WjwtK7tto6Pc2wO9KSXKLpLONhFZ8VyuCbqlLdiDAfuDTNY9AJe4JoE+Cx806cpTQQoQ71zPQ=="],

    "@smithy/util-endpoints": ["@smithy/util-endpoints@3.1.1", "", { "dependencies": { "@smithy/node-config-provider": "^4.2.1", "@smithy/types": "^4.5.0", "tslib": "^2.6.2" } }, "sha512-qB4R9kO0SetA11Rzu6MVGFIaGYX3p6SGGGfWwsKnC6nXIf0n/0AKVwRTsYsz9ToN8CeNNtNgQRwKFBndGJZdyw=="],

    "@smithy/util-hex-encoding": ["@smithy/util-hex-encoding@4.1.0", "", { "dependencies": { "tslib": "^2.6.2" } }, "sha512-1LcueNN5GYC4tr8mo14yVYbh/Ur8jHhWOxniZXii+1+ePiIbsLZ5fEI0QQGtbRRP5mOhmooos+rLmVASGGoq5w=="],

    "@smithy/util-middleware": ["@smithy/util-middleware@4.1.1", "", { "dependencies": { "@smithy/types": "^4.5.0", "tslib": "^2.6.2" } }, "sha512-CGmZ72mL29VMfESz7S6dekqzCh8ZISj3B+w0g1hZFXaOjGTVaSqfAEFAq8EGp8fUL+Q2l8aqNmt8U1tglTikeg=="],

    "@smithy/util-retry": ["@smithy/util-retry@4.1.1", "", { "dependencies": { "@smithy/service-error-classification": "^4.1.1", "@smithy/types": "^4.5.0", "tslib": "^2.6.2" } }, "sha512-jGeybqEZ/LIordPLMh5bnmnoIgsqnp4IEimmUp5c5voZ8yx+5kAlN5+juyr7p+f7AtZTgvhmInQk4Q0UVbrZ0Q=="],

    "@smithy/util-stream": ["@smithy/util-stream@4.3.1", "", { "dependencies": { "@smithy/fetch-http-handler": "^5.2.1", "@smithy/node-http-handler": "^4.2.1", "@smithy/types": "^4.5.0", "@smithy/util-base64": "^4.1.0", "@smithy/util-buffer-from": "^4.1.0", "@smithy/util-hex-encoding": "^4.1.0", "@smithy/util-utf8": "^4.1.0", "tslib": "^2.6.2" } }, "sha512-khKkW/Jqkgh6caxMWbMuox9+YfGlsk9OnHOYCGVEdYQb/XVzcORXHLYUubHmmda0pubEDncofUrPNniS9d+uAA=="],

    "@smithy/util-uri-escape": ["@smithy/util-uri-escape@4.1.0", "", { "dependencies": { "tslib": "^2.6.2" } }, "sha512-b0EFQkq35K5NHUYxU72JuoheM6+pytEVUGlTwiFxWFpmddA+Bpz3LgsPRIpBk8lnPE47yT7AF2Egc3jVnKLuPg=="],

    "@smithy/util-utf8": ["@smithy/util-utf8@4.1.0", "", { "dependencies": { "@smithy/util-buffer-from": "^4.1.0", "tslib": "^2.6.2" } }, "sha512-mEu1/UIXAdNYuBcyEPbjScKi/+MQVXNIuY/7Cm5XLIWe319kDrT5SizBE95jqtmEXoDbGoZxKLCMttdZdqTZKQ=="],

    "@standard-schema/spec": ["@standard-schema/spec@1.0.0", "", {}, "sha512-m2bOd0f2RT9k8QJx1JN85cZYyH1RqFBdlwtkSlf4tBDYLCiiZnv1fIIwacK6cqwXavOydf0NPToMQgpKq+dVlA=="],

    "@types/uuid": ["@types/uuid@9.0.8", "", {}, "sha512-jg+97EGIcY9AGHJJRaaPVgetKDsrTgbRjQ5Msgjh/DQKEFl0DtyRr/VCOyD1T2R1MNeWPK/u7JoGhlDZnKBAfA=="],

    "aws4fetch": ["aws4fetch@1.0.20", "", {}, "sha512-/djoAN709iY65ETD6LKCtyyEI04XIBP5xVvfmNxsEP0uJB5tyaGBztSryRr4HqMStr9R06PisQE7m9zDTXKu6g=="],

    "bowser": ["bowser@2.12.1", "", {}, "sha512-z4rE2Gxh7tvshQ4hluIT7XcFrgLIQaw9X3A+kTTRdovCz5PMukm/0QC/BKSYPj3omF5Qfypn9O/c5kgpmvYUCw=="],

    "braces": ["braces@3.0.3", "", { "dependencies": { "fill-range": "^7.1.1" } }, "sha512-yQbXgO/OSZVD2IsiLlro+7Hf6Q18EJrKSEsdoMzKePKXct3gvD8oLcOQdIzGupr5Fj+EDe8gO/lxc1BzfMpxvA=="],

    "detect-libc": ["detect-libc@1.0.3", "", { "bin": { "detect-libc": "./bin/detect-libc.js" } }, "sha512-pGjwhsmsp4kL2RTz08wcOlGN83otlqHeD/Z5T8GXZB+/YcpQ/dgo+lbU8ZsGxV0HIvqqxo9l7mqYwyYMD9bKDg=="],

    "effect": ["effect@3.17.13", "", { "dependencies": { "@standard-schema/spec": "^1.0.0", "fast-check": "^3.23.1" } }, "sha512-JMz5oBxs/6mu4FP9Csjub4jYMUwMLrp+IzUmSDVIzn2NoeoyOXMl7x1lghfr3dLKWffWrdnv/d8nFFdgrHXPqw=="],

    "fast-check": ["fast-check@3.23.2", "", { "dependencies": { "pure-rand": "^6.1.0" } }, "sha512-h5+1OzzfCC3Ef7VbtKdcv7zsstUQwUDlYpUTvjeUsJAssPgLn7QzbboPtL5ro04Mq0rPOsMzl7q5hIbRs2wD1A=="],

    "fast-xml-parser": ["fast-xml-parser@5.2.5", "", { "dependencies": { "strnum": "^2.1.0" }, "bin": { "fxparser": "src/cli/cli.js" } }, "sha512-pfX9uG9Ki0yekDHx2SiuRIyFdyAr1kMIMitPvb0YBo8SUfKvia7w7FIyd/l6av85pFYRhZscS75MwMnbvY+hcQ=="],

    "fill-range": ["fill-range@7.1.1", "", { "dependencies": { "to-regex-range": "^5.0.1" } }, "sha512-YsGpe3WHLK8ZYi4tWDg2Jy3ebRz2rXowDxnld4bkQB00cc/1Zw9AWnC0i9ztDJitivtQvaI9KaLyKrc+hBW0yg=="],

    "find-my-way-ts": ["find-my-way-ts@0.1.6", "", {}, "sha512-a85L9ZoXtNAey3Y6Z+eBWW658kO/MwR7zIafkIUPUMf3isZG0NCs2pjW2wtjxAKuJPxMAsHUIP4ZPGv0o5gyTA=="],

    "is-extglob": ["is-extglob@2.1.1", "", {}, "sha512-SbKbANkN603Vi4jEZv49LeVJMn4yGwsbzZworEoyEiutsN3nJYdbO36zfhGJ6QEDpOZIFkDtnq5JRxmvl3jsoQ=="],

    "is-glob": ["is-glob@4.0.3", "", { "dependencies": { "is-extglob": "^2.1.1" } }, "sha512-xelSayHH36ZgE7ZWhli7pW34hNbNl8Ojv5KVmkJD4hBdD3th8Tfk9vYasLM+mXWOZhFkgZfxhLSnrwRr4elSSg=="],

    "is-number": ["is-number@7.0.0", "", {}, "sha512-41Cifkg6e8TylSpdtTpeLVMqvSBEVzTttHvERD741+pnZ8ANv0004MRL43QKPDlK9cGvNp6NZWZUBlbGXYxxng=="],

    "itty-aws": ["itty-aws@../itty-aws.tgz", { "dependencies": { "aws4fetch": "^1.0.20" }, "peerDependencies": { "@aws-sdk/credential-providers": "^3", "@effect/platform": "^0.87.12", "@effect/platform-node": "^0.89.5", "effect": "^3" } }],

    "micromatch": ["micromatch@4.0.8", "", { "dependencies": { "braces": "^3.0.3", "picomatch": "^2.3.1" } }, "sha512-PXwfBhYu0hBCPw8Dn0E+WDYb7af3dSLVWKi3HGv84IdF4TyFoC0ysxFd0Goxw7nSv4T/PzEJQxsYsEiFCKo2BA=="],

    "mime": ["mime@3.0.0", "", { "bin": { "mime": "cli.js" } }, "sha512-jSCU7/VB1loIWBZe14aEYHU/+1UMEHoaO7qxCOVJOw9GgH72VAWppxNcjU+x9a2k3GSIBXNKxXQFqRvvZ7vr3A=="],

    "msgpackr": ["msgpackr@1.11.5", "", { "optionalDependencies": { "msgpackr-extract": "^3.0.2" } }, "sha512-UjkUHN0yqp9RWKy0Lplhh+wlpdt9oQBYgULZOiFhV3VclSF1JnSQWZ5r9gORQlNYaUKQoR8itv7g7z1xDDuACA=="],

    "msgpackr-extract": ["msgpackr-extract@3.0.3", "", { "dependencies": { "node-gyp-build-optional-packages": "5.2.2" }, "optionalDependencies": { "@msgpackr-extract/msgpackr-extract-darwin-arm64": "3.0.3", "@msgpackr-extract/msgpackr-extract-darwin-x64": "3.0.3", "@msgpackr-extract/msgpackr-extract-linux-arm": "3.0.3", "@msgpackr-extract/msgpackr-extract-linux-arm64": "3.0.3", "@msgpackr-extract/msgpackr-extract-linux-x64": "3.0.3", "@msgpackr-extract/msgpackr-extract-win32-x64": "3.0.3" }, "bin": { "download-msgpackr-prebuilds": "bin/download-prebuilds.js" } }, "sha512-P0efT1C9jIdVRefqjzOQ9Xml57zpOXnIuS+csaB4MdZbTdmGDLo8XhzBG1N7aO11gKDDkJvBLULeFTo46wwreA=="],

    "multipasta": ["multipasta@0.2.7", "", {}, "sha512-KPA58d68KgGil15oDqXjkUBEBYc00XvbPj5/X+dyzeo/lWm9Nc25pQRlf1D+gv4OpK7NM0J1odrbu9JNNGvynA=="],

    "node-addon-api": ["node-addon-api@7.1.1", "", {}, "sha512-5m3bsyrjFWE1xf7nz7YXdN4udnVtXK6/Yfgn5qnahL6bCkf2yKt4k3nuTKAtT4r3IG8JNR2ncsIMdZuAzJjHQQ=="],

    "node-gyp-build-optional-packages": ["node-gyp-build-optional-packages@5.2.2", "", { "dependencies": { "detect-libc": "^2.0.1" }, "bin": { "node-gyp-build-optional-packages": "bin.js", "node-gyp-build-optional-packages-optional": "optional.js", "node-gyp-build-optional-packages-test": "build-test.js" } }, "sha512-s+w+rBWnpTMwSFbaE0UXsRlg7hU4FjekKU4eyAih5T8nJuNZT1nNsskXpxmeqSK9UzkBl6UgRlnKc8hz8IEqOw=="],

    "picomatch": ["picomatch@2.3.1", "", {}, "sha512-JU3teHTNjmE2VCGFzuY8EXzCDVwEqB2a8fsIvwaStHhAWJEeVd1o1QD80CU6+ZdEXXSLbSsuLwJjkCBWqRQUVA=="],

    "pure-rand": ["pure-rand@6.1.0", "", {}, "sha512-bVWawvoZoBYpp6yIoQtQXHZjmz35RSVHnUOTefl8Vcjr8snTPY1wnpSPMWekcFwbxI6gtmT7rSYPFvz71ldiOA=="],

    "strnum": ["strnum@2.1.1", "", {}, "sha512-7ZvoFTiCnGxBtDqJ//Cu6fWtZtc7Y3x+QOirG15wztbdngGSkht27o2pyGWrVy0b4WAy3jbKmnoK6g5VlVNUUw=="],

    "to-regex-range": ["to-regex-range@5.0.1", "", { "dependencies": { "is-number": "^7.0.0" } }, "sha512-65P7iz6X5yEr1cwcgvQxbbIw7Uk3gOy5dIdtZ4rDveLqhrdJP+Li/Hx6tyK0NEb+2GCyneCMJiGqrADCSNk8sQ=="],

    "tslib": ["tslib@2.8.1", "", {}, "sha512-oJFu94HQb+KVduSUQL7wnpmqnfmLsOA/nAh6b6EH0wCEoK0/mPeXU6c3wKDV83MkOuHPRHtSXKKU99IBazS/2w=="],

    "undici": ["undici@7.16.0", "", {}, "sha512-QEg3HPMll0o3t2ourKwOeUAZ159Kn9mx5pnzHRQO8+Wixmh88YdZRiIwat0iNzNNXn0yoEtXJqFpyW7eM8BV7g=="],

    "uuid": ["uuid@9.0.1", "", { "bin": { "uuid": "dist/bin/uuid" } }, "sha512-b+1eJOlsR9K8HJpow9Ok3fiWOWSIcIzXodvv0rQjVoOVNpWMpxf1wZNpt4y9h10odCNrqnYp1OBzRktckBe3sA=="],

    "ws": ["ws@8.18.3", "", { "peerDependencies": { "bufferutil": "^4.0.1", "utf-8-validate": ">=5.0.2" }, "optionalPeers": ["bufferutil", "utf-8-validate"] }, "sha512-PEIGCY5tSlUt50cqyMXfCzX+oOPqN0vuGqWzbcJ2xvnkzkq46oOpz7dQaTDBdfICb4N14+GARUDw2XV2N4tvzg=="],

    "@aws-crypto/sha256-browser/@smithy/util-utf8": ["@smithy/util-utf8@2.3.0", "", { "dependencies": { "@smithy/util-buffer-from": "^2.2.0", "tslib": "^2.6.2" } }, "sha512-R8Rdn8Hy72KKcebgLiv8jQcQkXoLMOGGv5uI1/k0l+snqkOzQ1R0ChUBCxWMlBsFMekWjq0wRudIweFs7sKT5A=="],

    "@aws-crypto/util/@smithy/util-utf8": ["@smithy/util-utf8@2.3.0", "", { "dependencies": { "@smithy/util-buffer-from": "^2.2.0", "tslib": "^2.6.2" } }, "sha512-R8Rdn8Hy72KKcebgLiv8jQcQkXoLMOGGv5uI1/k0l+snqkOzQ1R0ChUBCxWMlBsFMekWjq0wRudIweFs7sKT5A=="],

    "@effect/experimental/uuid": ["uuid@11.1.0", "", { "bin": { "uuid": "dist/esm/bin/uuid" } }, "sha512-0/A9rDy9P7cJ+8w1c9WD9V//9Wj15Ce2MPz8Ri6032usz+NfePxx5AcN3bN+r6ZL6jEo066/yNYB3tn4pQEx+A=="],

    "@effect/sql/uuid": ["uuid@11.1.0", "", { "bin": { "uuid": "dist/esm/bin/uuid" } }, "sha512-0/A9rDy9P7cJ+8w1c9WD9V//9Wj15Ce2MPz8Ri6032usz+NfePxx5AcN3bN+r6ZL6jEo066/yNYB3tn4pQEx+A=="],

    "node-gyp-build-optional-packages/detect-libc": ["detect-libc@2.1.0", "", {}, "sha512-vEtk+OcP7VBRtQZ1EJ3bdgzSfBjgnEalLTp5zjJrS+2Z1w2KZly4SBdac/WDU3hhsNAZ9E8SC96ME4Ey8MZ7cg=="],

    "@aws-crypto/sha256-browser/@smithy/util-utf8/@smithy/util-buffer-from": ["@smithy/util-buffer-from@2.2.0", "", { "dependencies": { "@smithy/is-array-buffer": "^2.2.0", "tslib": "^2.6.2" } }, "sha512-IJdWBbTcMQ6DA0gdNhh/BwrLkDR+ADW5Kr1aZmd4k3DIF6ezMV4R2NIAmT08wQJ3yUK82thHWmC/TnK/wpMMIA=="],

    "@aws-crypto/util/@smithy/util-utf8/@smithy/util-buffer-from": ["@smithy/util-buffer-from@2.2.0", "", { "dependencies": { "@smithy/is-array-buffer": "^2.2.0", "tslib": "^2.6.2" } }, "sha512-IJdWBbTcMQ6DA0gdNhh/BwrLkDR+ADW5Kr1aZmd4k3DIF6ezMV4R2NIAmT08wQJ3yUK82thHWmC/TnK/wpMMIA=="],

    "@aws-crypto/sha256-browser/@smithy/util-utf8/@smithy/util-buffer-from/@smithy/is-array-buffer": ["@smithy/is-array-buffer@2.2.0", "", { "dependencies": { "tslib": "^2.6.2" } }, "sha512-GGP3O9QFD24uGeAXYUjwSTXARoqpZykHadOmA8G5vfJPK0/DC67qa//0qvqrJzL1xc8WQWX7/yc7fwudjPHPhA=="],

    "@aws-crypto/util/@smithy/util-utf8/@smithy/util-buffer-from/@smithy/is-array-buffer": ["@smithy/is-array-buffer@2.2.0", "", { "dependencies": { "tslib": "^2.6.2" } }, "sha512-GGP3O9QFD24uGeAXYUjwSTXARoqpZykHadOmA8G5vfJPK0/DC67qa//0qvqrJzL1xc8WQWX7/yc7fwudjPHPhA=="],
  }
}
